Microsoft Visual Studio Solution File, Format Version 7.00
Project("{FAE04EC0-301F-11D3-BF4B-00C04F79EFBC}") = "AutoScore", "AutoScore.csproj", "{8EB33A9F-6C6B-4DB7-B2A2-3EAFBE42E17E}"
EndProject
Global
	GlobalSection(SolutionConfiguration) = preSolution
		ConfigName.0 = Debug
		ConfigName.1 = Release
	EndGlobalSection
	GlobalSection(ProjectDependencies) = postSolution
	EndGlobalSection
	GlobalSection(ProjectConfiguration) = postSolution
		{8EB33A9F-6C6B-4DB7-B2A2-3EAFBE42E17E}.Debug.ActiveCfg = Debug|.NET
		{8EB33A9F-6C6B-4DB7-B2A2-3EAFBE42E17E}.Debug.Build.0 = Debug|.NET
		{8EB33A9F-6C6B-4DB7-B2A2-3EAFBE42E17E}.Release.ActiveCfg = Release|.NET
		{8EB33A9F-6C6B-4DB7-B2A2-3EAFBE42E17E}.Release.Build.0 = Release|.NET
	EndGlobalSection
	GlobalSection(ExtensibilityGlobals) = postSolution
	EndGlobalSection
	GlobalSection(ExtensibilityAddIns) = postSolution
	EndGlobalSection
EndGlobal
